
Microsoft Visual Studio Solution File, Format Version 12.00
Project("{2150E333-8FDC-42A3-9474-1A3956D46DE8}") = "src", "src", "{734C45EA-3457-420E-B0FF-CFD7B54F1835}"
EndProject
Project("{2150E333-8FDC-42A3-9474-1A3956D46DE8}") = "test", "test", "{E9958B44-6D3A-43B2-BBBA-3956D1823BBB}"
EndProject
Project("{FAE04EC0-301F-11D3-BF4B-00C04F79EFBC}") = "SummerShop.WebApi", "src\SummerShop.WebApi\SummerShop.WebApi.csproj", "{9E0F5BB9-D9DE-47B7-8746-351C2A096DB8}"
EndProject
Project("{FAE04EC0-301F-11D3-BF4B-00C04F79EFBC}") = "SummerShop.WebApiTests", "test\SummerShop.WebApiTests\SummerShop.WebApiTests.csproj", "{B083D915-08F8-4443-9FE7-19BEC83E64B3}"
EndProject
Global
	GlobalSection(SolutionConfigurationPlatforms) = preSolution
		Debug|Any CPU = Debug|Any CPU
		Release|Any CPU = Release|Any CPU
	EndGlobalSection
	GlobalSection(NestedProjects) = preSolution
		{9E0F5BB9-D9DE-47B7-8746-351C2A096DB8} = {734C45EA-3457-420E-B0FF-CFD7B54F1835}
		{B083D915-08F8-4443-9FE7-19BEC83E64B3} = {E9958B44-6D3A-43B2-BBBA-3956D1823BBB}
	EndGlobalSection
	GlobalSection(ProjectConfigurationPlatforms) = postSolution
		{9E0F5BB9-D9DE-47B7-8746-351C2A096DB8}.Debug|Any CPU.ActiveCfg = Debug|Any CPU
		{9E0F5BB9-D9DE-47B7-8746-351C2A096DB8}.Debug|Any CPU.Build.0 = Debug|Any CPU
		{9E0F5BB9-D9DE-47B7-8746-351C2A096DB8}.Release|Any CPU.ActiveCfg = Release|Any CPU
		{9E0F5BB9-D9DE-47B7-8746-351C2A096DB8}.Release|Any CPU.Build.0 = Release|Any CPU
		{B083D915-08F8-4443-9FE7-19BEC83E64B3}.Debug|Any CPU.ActiveCfg = Debug|Any CPU
		{B083D915-08F8-4443-9FE7-19BEC83E64B3}.Debug|Any CPU.Build.0 = Debug|Any CPU
		{B083D915-08F8-4443-9FE7-19BEC83E64B3}.Release|Any CPU.ActiveCfg = Release|Any CPU
		{B083D915-08F8-4443-9FE7-19BEC83E64B3}.Release|Any CPU.Build.0 = Release|Any CPU
	EndGlobalSection
EndGlobal
